// !$*UTF8*$!
{
	archiveVersion = 1;
	classes = {
	};
	objectVersion = 46;
	objects = {

/* Begin PBXBuildFile section */
		7D8A03471D422576004F98A0 /* AppDelegate.swift in Sources */ = {isa = PBXBuildFile; fileRef = 7D8A03461D422576004F98A0 /* AppDelegate.swift */; };
		7D8A03491D422576004F98A0 /* ViewController.swift in Sources */ = {isa = PBXBuildFile; fileRef = 7D8A03481D422576004F98A0 /* ViewController.swift */; };
		7D8A034C1D422576004F98A0 /* Main.storyboard in Resources */ = {isa = PBXBuildFile; fileRef = 7D8A034A1D422576004F98A0 /* Main.storyboard */; };
		7D8A034E1D422576004F98A0 /* Assets.xcassets in Resources */ = {isa = PBXBuildFile; fileRef = 7D8A034D1D422576004F98A0 /* Assets.xcassets */; };
		7D8A03511D422576004F98A0 /* LaunchScreen.storyboard in Resources */ = {isa = PBXBuildFile; fileRef = 7D8A034F1D422576004F98A0 /* LaunchScreen.storyboard */; };
		7D8A035C1D422576004F98A0 /* FacesFillTests.swift in Sources */ = {isa = PBXBuildFile; fileRef = 7D8A035B1D422576004F98A0 /* FacesFillTests.swift */; };
/* End PBXBuildFile section */

/* Begin PBXContainerItemProxy section */
		7D8A03581D422576004F98A0 /* PBXContainerItemProxy */ = {
			isa = PBXContainerItemProxy;
			containerPortal = 7D8A033B1D422576004F98A0 /* Project object */;
			proxyType = 1;
			remoteGlobalIDString = 7D8A03421D422576004F98A0;
			remoteInfo = FacesFill;
		};
/* End PBXContainerItemProxy section */

/* Begin PBXFileReference section */
		7D8A03431D422576004F98A0 /* FacesFill.app */ = {isa = PBXFileReference; explicitFileType = wrapper.application; includeInIndex = 0; path = FacesFill.app; sourceTree = BUILT_PRODUCTS_DIR; };
		7D8A03461D422576004F98A0 /* AppDelegate.swift */ = {isa = PBXFileReference; lastKnownFileType = sourcecode.swift; path = AppDelegate.swift; sourceTree = "<group>"; };
		7D8A03481D422576004F98A0 /* ViewController.swift */ = {isa = PBXFileReference; lastKnownFileType = sourcecode.swift; path = ViewController.swift; sourceTree = "<group>"; };
		7D8A034B1D422576004F98A0 /* Base */ = {isa = PBXFileReference; lastKnownFileType = file.storyboard; name = Base; path = Base.lproj/Main.storyboard; sourceTree = "<group>"; };
		7D8A034D1D422576004F98A0 /* Assets.xcassets */ = {isa = PBXFileReference; lastKnownFileType = folder.assetcatalog; path = Assets.xcassets; sourceTree = "<group>"; };
		7D8A03501D422576004F98A0 /* Base */ = {isa = PBXFileReference; lastKnownFileType = file.storyboard; name = Base; path = Base.lproj/LaunchScreen.storyboard; sourceTree = "<group>"; };
		7D8A03521D422576004F98A0 /* Info.plist */ = {isa = PBXFileReference; lastKnownFileType = text.plist.xml; path = Info.plist; sourceTree = "<group>"; };
		7D8A03571D422576004F98A0 /* FacesFillTests.xctest */ = {isa = PBXFileReference; explicitFileType = wrapper.cfbundle; includeInIndex = 0; path = FacesFillTests.xctest; sourceTree = BUILT_PRODUCTS_DIR; };
		7D8A035B1D422576004F98A0 /* FacesFillTests.swift */ = {isa = PBXFileReference; lastKnownFileType = sourcecode.swift; path = FacesFillTests.swift; sourceTree = "<group>"; };
		7D8A035D1D422576004F98A0 /* Info.plist */ = {isa = PBXFileReference; lastKnownFileType = text.plist.xml; path = Info.plist; sourceTree = "<group>"; };
/* End PBXFileReference section */

/* Begin PBXFrameworksBuildPhase section */
		7D8A03401D422576004F98A0 /* Frameworks */ = {
			isa = PBXFrameworksBuildPhase;
			buildActionMask = 2147483647;
			files = (
			);
			runOnlyForDeploymentPostprocessing = 0;
		};
		7D8A03541D422576004F98A0 /* Frameworks */ = {
			isa = PBXFrameworksBuildPhase;
			buildActionMask = 2147483647;
			files = (
			);
			runOnlyForDeploymentPostprocessing = 0;
		};
/* End PBXFrameworksBuildPhase section */

/* Begin PBXGroup section */
		7D8A033A1D422576004F98A0 = {
			isa = PBXGroup;
			children = (
				7D8A03451D422576004F98A0 /* FacesFill */,
				7D8A035A1D422576004F98A0 /* FacesFillTests */,
				7D8A03441D422576004F98A0 /* Products */,
			);
			sourceTree = "<group>";
		};
		7D8A03441D422576004F98A0 /* Products */ = {
			isa = PBXGroup;
			children = (
				7D8A03431D422576004F98A0 /* FacesFill.app */,
				7D8A03571D422576004F98A0 /* FacesFillTests.xctest */,
			);
			name = Products;
			sourceTree = "<group>";
		};
		7D8A03451D422576004F98A0 /* FacesFill */ = {
			isa = PBXGroup;
			children = (
				7D8A03461D422576004F98A0 /* AppDelegate.swift */,
				7D8A03481D422576004F98A0 /* ViewController.swift */,
				7D8A034A1D422576004F98A0 /* Main.storyboard */,
				7D8A034D1D422576004F98A0 /* Assets.xcassets */,
				7D8A034F1D422576004F98A0 /* LaunchScreen.storyboard */,
				7D8A03521D422576004F98A0 /* Info.plist */,
			);
			path = FacesFill;
			sourceTree = "<group>";
		};
		7D8A035A1D422576004F98A0 /* FacesFillTests */ = {
			isa = PBXGroup;
			children = (
				7D8A035B1D422576004F98A0 /* FacesFillTests.swift */,
				7D8A035D1D422576004F98A0 /* Info.plist */,
			);
			path = FacesFillTests;
			sourceTree = "<group>";
		};
/* End PBXGroup section */

/* Begin PBXNativeTarget section */
		7D8A03421D422576004F98A0 /* FacesFill */ = {
			isa = PBXNativeTarget;
			buildConfigurationList = 7D8A03601D422576004F98A0 /* Build configuration list for PBXNativeTarget "FacesFill" */;
			buildPhases = (
				7D8A033F1D422576004F98A0 /* Sources */,
				7D8A03401D422576004F98A0 /* Frameworks */,
				7D8A03411D422576004F98A0 /* Resources */,
			);
			buildRules = (
			);
			dependencies = (
			);
			name = FacesFill;
			productName = FacesFill;
			productReference = 7D8A03431D422576004F98A0 /* FacesFill.app */;
			productType = "com.apple.product-type.application";
		};
		7D8A03561D422576004F98A0 /* FacesFillTests */ = {
			isa = PBXNativeTarget;
			buildConfigurationList = 7D8A03631D422576004F98A0 /* Build configuration list for PBXNativeTarget "FacesFillTests" */;
			buildPhases = (
				7D8A03531D422576004F98A0 /* Sources */,
				7D8A03541D422576004F98A0 /* Frameworks */,
				7D8A03551D422576004F98A0 /* Resources */,
			);
			buildRules = (
			);
			dependencies = (
				7D8A03591D422576004F98A0 /* PBXTargetDependency */,
			);
			name = FacesFillTests;
			productName = FacesFillTests;
			productReference = 7D8A03571D422576004F98A0 /* FacesFillTests.xctest */;
			productType = "com.apple.product-type.bundle.unit-test";
		};
/* End PBXNativeTarget section */

/* Begin PBXProject section */
		7D8A033B1D422576004F98A0 /* Project object */ = {
			isa = PBXProject;
			attributes = {
				LastSwiftUpdateCheck = 0800;
				LastUpgradeCheck = 0800;
				ORGANIZATIONNAME = "Pear Pi";
				TargetAttributes = {
					7D8A03421D422576004F98A0 = {
						CreatedOnToolsVersion = 8.0;
						DevelopmentTeam = RCFBK97QU7;
						DevelopmentTeamName = "Pear Pi PTY LTD";
						ProvisioningStyle = Automatic;
					};
					7D8A03561D422576004F98A0 = {
						CreatedOnToolsVersion = 8.0;
						DevelopmentTeam = RCFBK97QU7;
						DevelopmentTeamName = "Pear Pi PTY LTD";
						ProvisioningStyle = Automatic;
						TestTargetID = 7D8A03421D422576004F98A0;
					};
				};
			};
			buildConfigurationList = 7D8A033E1D422576004F98A0 /* Build configuration list for PBXProject "FacesFill" */;
			compatibilityVersion = "Xcode 3.2";
			developmentRegion = English;
			hasScannedForEncodings = 0;
			knownRegions = (
				en,
				Base,
			);
			mainGroup = 7D8A033A1D422576004F98A0;
			productRefGroup = 7D8A03441D422576004F98A0 /* Products */;
			projectDirPath = "";
			projectRoot = "";
			targets = (
				7D8A03421D422576004F98A0 /* FacesFill */,
				7D8A03561D422576004F98A0 /* FacesFillTests */,
			);
		};
/* End PBXProject section */

/* Begin PBXResourcesBuildPhase section */
		7D8A03411D422576004F98A0 /* Resources */ = {
			isa = PBXResourcesBuildPhase;
			buildActionMask = 2147483647;
			files = (
				7D8A03511D422576004F98A0 /* LaunchScreen.storyboard in Resources */,
				7D8A034E1D422576004F98A0 /* Assets.xcassets in Resources */,
				7D8A034C1D422576004F98A0 /* Main.storyboard in Resources */,
			);
			runOnlyForDeploymentPostprocessing = 0;
		};
		7D8A03551D422576004F98A0 /* Resources */ = {
			isa = PBXResourcesBuildPhase;
			buildActionMask = 2147483647;
			files = (
			);
			runOnlyForDeploymentPostprocessing = 0;
		};
/* End PBXResourcesBuildPhase section */

/* Begin PBXSourcesBuildPhase section */
		7D8A033F1D422576004F98A0 /* Sources */ = {
			isa = PBXSourcesBuildPhase;
			buildActionMask = 2147483647;
			files = (
				7D8A03491D422576004F98A0 /* ViewController.swift in Sources */,
				7D8A03471D422576004F98A0 /* AppDelegate.swift in Sources */,
			);
			runOnlyForDeploymentPostprocessing = 0;
		};
		7D8A03531D422576004F98A0 /* Sources */ = {
			isa = PBXSourcesBuildPhase;
			buildActionMask = 2147483647;
			files = (
				7D8A035C1D422576004F98A0 /* FacesFillTests.swift in Sources */,
			);
			runOnlyForDeploymentPostprocessing = 0;
		};
/* End PBXSourcesBuildPhase section */

/* Begin PBXTargetDependency section */
		7D8A03591D422576004F98A0 /* PBXTargetDependency */ = {
			isa = PBXTargetDependency;
			target = 7D8A03421D422576004F98A0 /* FacesFill */;
			targetProxy = 7D8A03581D422576004F98A0 /* PBXContainerItemProxy */;
		};
/* End PBXTargetDependency section */

/* Begin PBXVariantGroup section */
		7D8A034A1D422576004F98A0 /* Main.storyboard */ = {
			isa = PBXVariantGroup;
			children = (
				7D8A034B1D422576004F98A0 /* Base */,
			);
			name = Main.storyboard;
			sourceTree = "<group>";
		};
		7D8A034F1D422576004F98A0 /* LaunchScreen.storyboard */ = {
			isa = PBXVariantGroup;
			children = (
				7D8A03501D422576004F98A0 /* Base */,
			);
			name = LaunchScreen.storyboard;
			sourceTree = "<group>";
		};
/* End PBXVariantGroup section */

/* Begin XCBuildConfiguration section */
		7D8A035E1D422576004F98A0 /* Debug */ = {
			isa = XCBuildConfiguration;
			buildSettings = {
				ALWAYS_SEARCH_USER_PATHS = NO;
				CLANG_ANALYZER_NONNULL = YES;
				CLANG_CXX_LANGUAGE_STANDARD = "gnu++0x";
				CLANG_CXX_LIBRARY = "libc++";
				CLANG_ENABLE_MODULES = YES;
				CLANG_ENABLE_OBJC_ARC = YES;
				CLANG_WARN_BOOL_CONVERSION = YES;
				CLANG_WARN_CONSTANT_CONVERSION = YES;
				CLANG_WARN_DIRECT_OBJC_ISA_USAGE = YES_ERROR;
				CLANG_WARN_DOCUMENTATION_COMMENTS = YES;
				CLANG_WARN_EMPTY_BODY = YES;
				CLANG_WARN_ENUM_CONVERSION = YES;
				CLANG_WARN_INT_CONVERSION = YES;
				CLANG_WARN_OBJC_ROOT_CLASS = YES_ERROR;
				CLANG_WARN_UNREACHABLE_CODE = YES;
				CLANG_WARN__DUPLICATE_METHOD_MATCH = YES;
				"CODE_SIGN_IDENTITY[sdk=iphoneos*]" = "iPhone Developer";
				COPY_PHASE_STRIP = NO;
				DEBUG_INFORMATION_FORMAT = dwarf;
				ENABLE_STRICT_OBJC_MSGSEND = YES;
				ENABLE_TESTABILITY = YES;
				GCC_C_LANGUAGE_STANDARD = gnu99;
				GCC_DYNAMIC_NO_PIC = NO;
				GCC_NO_COMMON_BLOCKS = YES;
				GCC_OPTIMIZATION_LEVEL = 0;
				GCC_PREPROCESSOR_DEFINITIONS = (
					"DEBUG=1",
					"$(inherited)",
				);
				GCC_WARN_64_TO_32_BIT_CONVERSION = YES;
				GCC_WARN_ABOUT_RETURN_TYPE = YES_ERROR;
				GCC_WARN_UNDECLARED_SELECTOR = YES;
				GCC_WARN_UNINITIALIZED_AUTOS = YES_AGGRESSIVE;
				GCC_WARN_UNUSED_FUNCTION = YES;
				GCC_WARN_UNUSED_VARIABLE = YES;
				IPHONEOS_DEPLOYMENT_TARGET = 10.0;
				MTL_ENABLE_DEBUG_INFO = YES;
				ONLY_ACTIVE_ARCH = YES;
				SDKROOT = iphoneos;
				SWIFT_ACTIVE_COMPILATION_CONDITIONS = DEBUG;
				SWIFT_OPTIMIZATION_LEVEL = "-Onone";
				TARGETED_DEVICE_FAMILY = "1,2";
			};
			name = Debug;
		};
		7D8A035F1D422576004F98A0 /* Release */ = {
			isa = XCBuildConfiguration;
			buildSettings = {
				ALWAYS_SEARCH_USER_PATHS = NO;
				CLANG_ANALYZER_NONNULL = YES;
				CLANG_CXX_LANGUAGE_STANDARD = "gnu++0x";
				CLANG_CXX_LIBRARY = "libc++";
				CLANG_ENABLE_MODULES = YES;
				CLANG_ENABLE_OBJC_ARC = YES;
				CLANG_WARN_BOOL_CONVERSION = YES;
				CLANG_WARN_CONSTANT_CONVERSION = YES;
				CLANG_WARN_DIRECT_OBJC_ISA_USAGE = YES_ERROR;
				CLANG_WARN_DOCUMENTATION_COMMENTS = YES;
				CLANG_WARN_EMPTY_BODY = YES;
				CLANG_WARN_ENUM_CONVERSION = YES;
				CLANG_WARN_INT_CONVERSION = YES;
				CLANG_WARN_OBJC_ROOT_CLASS = YES_ERROR;
				CLANG_WARN_UNREACHABLE_CODE = YES;
				CLANG_WARN__DUPLICATE_METHOD_MATCH = YES;
				"CODE_SIGN_IDENTITY[sdk=iphoneos*]" = "iPhone Developer";
				COPY_PHASE_STRIP = NO;
				DEBUG_INFORMATION_FORMAT = "dwarf-with-dsym";
				ENABLE_NS_ASSERTIONS = NO;
				ENABLE_STRICT_OBJC_MSGSEND = YES;
				GCC_C_LANGUAGE_STANDARD = gnu99;
				GCC_NO_COMMON_BLOCKS = YES;
				GCC_WARN_64_TO_32_BIT_CONVERSION = YES;
				GCC_WARN_ABOUT_RETURN_TYPE = YES_ERROR;
				GCC_WARN_UNDECLARED_SELECTOR = YES;
				GCC_WARN_UNINITIALIZED_AUTOS = YES_AGGRESSIVE;
				GCC_WARN_UNUSED_FUNCTION = YES;
				GCC_WARN_UNUSED_VARIABLE = YES;
				IPHONEOS_DEPLOYMENT_TARGET = 10.0;
				MTL_ENABLE_DEBUG_INFO = NO;
				SDKROOT = iphoneos;
				SWIFT_OPTIMIZATION_LEVEL = "-Owholemodule";
				TARGETED_DEVICE_FAMILY = "1,2";
				VALIDATE_PRODUCT = YES;
			};
			name = Release;
		};
		7D8A03611D422576004F98A0 /* Debug */ = {
			isa = XCBuildConfiguration;
			buildSettings = {
				ASSETCATALOG_COMPILER_APPICON_NAME = AppIcon;
				INFOPLIST_FILE = FacesFill/Info.plist;
				LD_RUNPATH_SEARCH_PATHS = "$(inherited) @executable_path/Frameworks";
				PRODUCT_BUNDLE_IDENTIFIER = com.pearpi.FacesFill;
				PRODUCT_NAME = "$(TARGET_NAME)";
				SWIFT_VERSION = 3.0;
			};
			name = Debug;
		};
		7D8A03621D422576004F98A0 /* Release */ = {
			isa = XCBuildConfiguration;
			buildSettings = {
				ASSETCATALOG_COMPILER_APPICON_NAME = AppIcon;
				INFOPLIST_FILE = FacesFill/Info.plist;
				LD_RUNPATH_SEARCH_PATHS = "$(inherited) @executable_path/Frameworks";
				PRODUCT_BUNDLE_IDENTIFIER = com.pearpi.FacesFill;
				PRODUCT_NAME = "$(TARGET_NAME)";
				SWIFT_VERSION = 3.0;
			};
			name = Release;
		};
		7D8A03641D422576004F98A0 /* Debug */ = {
			isa = XCBuildConfiguration;
			buildSettings = {
				BUNDLE_LOADER = "$(TEST_HOST)";
				INFOPLIST_FILE = FacesFillTests/Info.plist;
				LD_RUNPATH_SEARCH_PATHS = "$(inherited) @executable_path/Frameworks @loader_path/Frameworks";
				PRODUCT_BUNDLE_IDENTIFIER = com.pearpi.FacesFillTests;
				PRODUCT_NAME = "$(TARGET_NAME)";
				SWIFT_VERSION = 3.0;
				TEST_HOST = "$(BUILT_PRODUCTS_DIR)/FacesFill.app/FacesFill";
			};
			name = Debug;
		};
		7D8A03651D422576004F98A0 /* Release */ = {
			isa = XCBuildConfiguration;
			buildSettings = {
				BUNDLE_LOADER = "$(TEST_HOST)";
				INFOPLIST_FILE = FacesFillTests/Info.plist;
				LD_RUNPATH_SEARCH_PATHS = "$(inherited) @executable_path/Frameworks @loader_path/Frameworks";
				PRODUCT_BUNDLE_IDENTIFIER = com.pearpi.FacesFillTests;
				PRODUCT_NAME = "$(TARGET_NAME)";
				SWIFT_VERSION = 3.0;
				TEST_HOST = "$(BUILT_PRODUCTS_DIR)/FacesFill.app/FacesFill";
			};
			name = Release;
		};
/* End XCBuildConfiguration section */

/* Begin XCConfigurationList section */
		7D8A033E1D422576004F98A0 /* Build configuration list for PBXProject "FacesFill" */ = {
			isa = XCConfigurationList;
			buildConfigurations = (
				7D8A035E1D422576004F98A0 /* Debug */,
				7D8A035F1D422576004F98A0 /* Release */,
			);
			defaultConfigurationIsVisible = 0;
			defaultConfigurationName = Release;
		};
		7D8A03601D422576004F98A0 /* Build configuration list for PBXNativeTarget "FacesFill" */ = {
			isa = XCConfigurationList;
			buildConfigurations = (
				7D8A03611D422576004F98A0 /* Debug */,
				7D8A03621D422576004F98A0 /* Release */,
			);
			defaultConfigurationIsVisible = 0;
		};
		7D8A03631D422576004F98A0 /* Build configuration list for PBXNativeTarget "FacesFillTests" */ = {
			isa = XCConfigurationList;
			buildConfigurations = (
				7D8A03641D422576004F98A0 /* Debug */,
				7D8A03651D422576004F98A0 /* Release */,
			);
			defaultConfigurationIsVisible = 0;
		};
/* End XCConfigurationList section */
	};
	rootObject = 7D8A033B1D422576004F98A0 /* Project object */;
}
